// !$*UTF8*$!
{
	archiveVersion = 1;
	classes = {
	};
	objectVersion = 51;
	objects = {

/* Begin PBXBuildFile section */
		37132A2F26DD4A8600F8D640 /* AppDelegate.swift in Sources */ = {isa = PBXBuildFile; fileRef = 37132A2E26DD4A8600F8D640 /* AppDelegate.swift */; };
		37132A3126DD4A8600F8D640 /* SceneDelegate.swift in Sources */ = {isa = PBXBuildFile; fileRef = 37132A3026DD4A8600F8D640 /* SceneDelegate.swift */; };
		37132A3326DD4A8600F8D640 /* ViewController.swift in Sources */ = {isa = PBXBuildFile; fileRef = 37132A3226DD4A8600F8D640 /* ViewController.swift */; };
		37132A3626DD4A8600F8D640 /* Main.storyboard in Resources */ = {isa = PBXBuildFile; fileRef = 37132A3426DD4A8600F8D640 /* Main.storyboard */; };
		37132A3826DD4A8700F8D640 /* Assets.xcassets in Resources */ = {isa = PBXBuildFile; fileRef = 37132A3726DD4A8700F8D640 /* Assets.xcassets */; };
		37132A3B26DD4A8700F8D640 /* LaunchScreen.storyboard in Resources */ = {isa = PBXBuildFile; fileRef = 37132A3926DD4A8700F8D640 /* LaunchScreen.storyboard */; };
		3744131726DFEEBE00469E13 /* Activity.swift in Sources */ = {isa = PBXBuildFile; fileRef = 3744131626DFEEBE00469E13 /* Activity.swift */; };
		3744131A26DFF73C00469E13 /* ActivityRequest.swift in Sources */ = {isa = PBXBuildFile; fileRef = 3744131926DFF73C00469E13 /* ActivityRequest.swift */; };
		379D2F3826DD796800F698E0 /* Configuration.storyboard in Resources */ = {isa = PBXBuildFile; fileRef = 379D2F3726DD796800F698E0 /* Configuration.storyboard */; };
		379D2F3A26DD7B3800F698E0 /* ConfigurationViewController.swift in Sources */ = {isa = PBXBuildFile; fileRef = 379D2F3926DD7B3800F698E0 /* ConfigurationViewController.swift */; };
		66BED6885669558481AA7E90 /* Pods_RandomActivityApp.framework in Frameworks */ = {isa = PBXBuildFile; fileRef = E8937E28F814EED459938C09 /* Pods_RandomActivityApp.framework */; };
		7B6C628726DEC187008858FF /* UserData.swift in Sources */ = {isa = PBXBuildFile; fileRef = 7B6C628626DEC187008858FF /* UserData.swift */; };
		7B78E8C326E009D7003CDDA2 /* TypeFilter.swift in Sources */ = {isa = PBXBuildFile; fileRef = 7B78E8C226E009D7003CDDA2 /* TypeFilter.swift */; };
/* End PBXBuildFile section */

/* Begin PBXFileReference section */
		0BFE43A41239033F597DA6D7 /* Pods-RandomActivityApp.release.xcconfig */ = {isa = PBXFileReference; includeInIndex = 1; lastKnownFileType = text.xcconfig; name = "Pods-RandomActivityApp.release.xcconfig"; path = "Target Support Files/Pods-RandomActivityApp/Pods-RandomActivityApp.release.xcconfig"; sourceTree = "<group>"; };
		37132A2B26DD4A8600F8D640 /* RandomActivityApp.app */ = {isa = PBXFileReference; explicitFileType = wrapper.application; includeInIndex = 0; path = RandomActivityApp.app; sourceTree = BUILT_PRODUCTS_DIR; };
		37132A2E26DD4A8600F8D640 /* AppDelegate.swift */ = {isa = PBXFileReference; lastKnownFileType = sourcecode.swift; path = AppDelegate.swift; sourceTree = "<group>"; };
		37132A3026DD4A8600F8D640 /* SceneDelegate.swift */ = {isa = PBXFileReference; lastKnownFileType = sourcecode.swift; path = SceneDelegate.swift; sourceTree = "<group>"; };
		37132A3226DD4A8600F8D640 /* ViewController.swift */ = {isa = PBXFileReference; lastKnownFileType = sourcecode.swift; path = ViewController.swift; sourceTree = "<group>"; };
		37132A3526DD4A8600F8D640 /* Base */ = {isa = PBXFileReference; lastKnownFileType = file.storyboard; name = Base; path = Base.lproj/Main.storyboard; sourceTree = "<group>"; };
		37132A3726DD4A8700F8D640 /* Assets.xcassets */ = {isa = PBXFileReference; lastKnownFileType = folder.assetcatalog; path = Assets.xcassets; sourceTree = "<group>"; };
		37132A3A26DD4A8700F8D640 /* Base */ = {isa = PBXFileReference; lastKnownFileType = file.storyboard; name = Base; path = Base.lproj/LaunchScreen.storyboard; sourceTree = "<group>"; };
		37132A3C26DD4A8700F8D640 /* Info.plist */ = {isa = PBXFileReference; lastKnownFileType = text.plist.xml; path = Info.plist; sourceTree = "<group>"; };
		3744131626DFEEBE00469E13 /* Activity.swift */ = {isa = PBXFileReference; lastKnownFileType = sourcecode.swift; path = Activity.swift; sourceTree = "<group>"; };
		3744131926DFF73C00469E13 /* ActivityRequest.swift */ = {isa = PBXFileReference; lastKnownFileType = sourcecode.swift; path = ActivityRequest.swift; sourceTree = "<group>"; };
		379D2F3726DD796800F698E0 /* Configuration.storyboard */ = {isa = PBXFileReference; lastKnownFileType = file.storyboard; path = Configuration.storyboard; sourceTree = "<group>"; };
		379D2F3926DD7B3800F698E0 /* ConfigurationViewController.swift */ = {isa = PBXFileReference; lastKnownFileType = sourcecode.swift; path = ConfigurationViewController.swift; sourceTree = "<group>"; };
		7B6C628626DEC187008858FF /* UserData.swift */ = {isa = PBXFileReference; lastKnownFileType = sourcecode.swift; path = UserData.swift; sourceTree = "<group>"; };
		7B78E8C226E009D7003CDDA2 /* TypeFilter.swift */ = {isa = PBXFileReference; lastKnownFileType = sourcecode.swift; path = TypeFilter.swift; sourceTree = "<group>"; };
		E8937E28F814EED459938C09 /* Pods_RandomActivityApp.framework */ = {isa = PBXFileReference; explicitFileType = wrapper.framework; includeInIndex = 0; path = Pods_RandomActivityApp.framework; sourceTree = BUILT_PRODUCTS_DIR; };
		F4E2E10CDFEDCCB70F4BCE59 /* Pods-RandomActivityApp.debug.xcconfig */ = {isa = PBXFileReference; includeInIndex = 1; lastKnownFileType = text.xcconfig; name = "Pods-RandomActivityApp.debug.xcconfig"; path = "Target Support Files/Pods-RandomActivityApp/Pods-RandomActivityApp.debug.xcconfig"; sourceTree = "<group>"; };
/* End PBXFileReference section */

/* Begin PBXFrameworksBuildPhase section */
		37132A2826DD4A8500F8D640 /* Frameworks */ = {
			isa = PBXFrameworksBuildPhase;
			buildActionMask = 2147483647;
			files = (
				66BED6885669558481AA7E90 /* Pods_RandomActivityApp.framework in Frameworks */,
			);
			runOnlyForDeploymentPostprocessing = 0;
		};
/* End PBXFrameworksBuildPhase section */

/* Begin PBXGroup section */
		0786598A81C4C6A80FD7049C /* Frameworks */ = {
			isa = PBXGroup;
			children = (
				E8937E28F814EED459938C09 /* Pods_RandomActivityApp.framework */,
			);
			name = Frameworks;
			sourceTree = "<group>";
		};
		37132A2226DD4A8500F8D640 = {
			isa = PBXGroup;
			children = (
				37132A2D26DD4A8600F8D640 /* RandomActivityApp */,
				37132A2C26DD4A8600F8D640 /* Products */,
				B2E9784BF57614423120C604 /* Pods */,
				0786598A81C4C6A80FD7049C /* Frameworks */,
			);
			sourceTree = "<group>";
		};
		37132A2C26DD4A8600F8D640 /* Products */ = {
			isa = PBXGroup;
			children = (
				37132A2B26DD4A8600F8D640 /* RandomActivityApp.app */,
			);
			name = Products;
			sourceTree = "<group>";
		};
		37132A2D26DD4A8600F8D640 /* RandomActivityApp */ = {
			isa = PBXGroup;
			children = (
				378925AD26E141AB00AD6A69 /* Core */,
				3744131826DFF6FA00469E13 /* Apis */,
				3744131526DFEE0B00469E13 /* Models */,
				379D2F3626DD73F100F698E0 /* Controllers */,
				379D2F3526DD5FB600F698E0 /* Views */,
				37132A2E26DD4A8600F8D640 /* AppDelegate.swift */,
				37132A3026DD4A8600F8D640 /* SceneDelegate.swift */,
				37132A3726DD4A8700F8D640 /* Assets.xcassets */,
				37132A3C26DD4A8700F8D640 /* Info.plist */,
			);
			path = RandomActivityApp;
			sourceTree = "<group>";
		};
		3744131526DFEE0B00469E13 /* Models */ = {
			isa = PBXGroup;
			children = (
				3744131626DFEEBE00469E13 /* Activity.swift */,
			);
			path = Models;
			sourceTree = "<group>";
		};
		3744131826DFF6FA00469E13 /* Apis */ = {
			isa = PBXGroup;
			children = (
				3744131926DFF73C00469E13 /* ActivityRequest.swift */,
			);
			path = Apis;
			sourceTree = "<group>";
		};
		378925AD26E141AB00AD6A69 /* Core */ = {
			isa = PBXGroup;
			children = (
				7B6C628626DEC187008858FF /* UserData.swift */,
				7B78E8C226E009D7003CDDA2 /* TypeFilter.swift */,
			);
			path = Core;
			sourceTree = "<group>";
		};
		379D2F3526DD5FB600F698E0 /* Views */ = {
			isa = PBXGroup;
			children = (
				37132A3926DD4A8700F8D640 /* LaunchScreen.storyboard */,
				37132A3426DD4A8600F8D640 /* Main.storyboard */,
				379D2F3726DD796800F698E0 /* Configuration.storyboard */,
			);
			path = Views;
			sourceTree = "<group>";
		};
		379D2F3626DD73F100F698E0 /* Controllers */ = {
			isa = PBXGroup;
			children = (
				37132A3226DD4A8600F8D640 /* ViewController.swift */,
				379D2F3926DD7B3800F698E0 /* ConfigurationViewController.swift */,
			);
			path = Controllers;
			sourceTree = "<group>";
		};
		B2E9784BF57614423120C604 /* Pods */ = {
			isa = PBXGroup;
			children = (
				F4E2E10CDFEDCCB70F4BCE59 /* Pods-RandomActivityApp.debug.xcconfig */,
				0BFE43A41239033F597DA6D7 /* Pods-RandomActivityApp.release.xcconfig */,
			);
			path = Pods;
			sourceTree = "<group>";
		};
/* End PBXGroup section */

/* Begin PBXNativeTarget section */
		37132A2A26DD4A8500F8D640 /* RandomActivityApp */ = {
			isa = PBXNativeTarget;
			buildConfigurationList = 37132A3F26DD4A8700F8D640 /* Build configuration list for PBXNativeTarget "RandomActivityApp" */;
			buildPhases = (
				1D5AD71AB6C7A1A97D9987EB /* [CP] Check Pods Manifest.lock */,
				37132A2726DD4A8500F8D640 /* Sources */,
				37132A2826DD4A8500F8D640 /* Frameworks */,
				37132A2926DD4A8500F8D640 /* Resources */,
				37F13820C70AA26847EE5C4F /* [CP] Embed Pods Frameworks */,
			);
			buildRules = (
			);
			dependencies = (
			);
			name = RandomActivityApp;
			productName = RandomActivityApp;
			productReference = 37132A2B26DD4A8600F8D640 /* RandomActivityApp.app */;
			productType = "com.apple.product-type.application";
		};
/* End PBXNativeTarget section */

/* Begin PBXProject section */
		37132A2326DD4A8500F8D640 /* Project object */ = {
			isa = PBXProject;
			attributes = {
				LastSwiftUpdateCheck = 1250;
				LastUpgradeCheck = 1250;
				TargetAttributes = {
					37132A2A26DD4A8500F8D640 = {
						CreatedOnToolsVersion = 12.5.1;
					};
				};
			};
			buildConfigurationList = 37132A2626DD4A8500F8D640 /* Build configuration list for PBXProject "RandomActivityApp" */;
			compatibilityVersion = "Xcode 9.3";
			developmentRegion = en;
			hasScannedForEncodings = 0;
			knownRegions = (
				en,
				Base,
			);
			mainGroup = 37132A2226DD4A8500F8D640;
			productRefGroup = 37132A2C26DD4A8600F8D640 /* Products */;
			projectDirPath = "";
			projectRoot = "";
			targets = (
				37132A2A26DD4A8500F8D640 /* RandomActivityApp */,
			);
		};
/* End PBXProject section */

/* Begin PBXResourcesBuildPhase section */
		37132A2926DD4A8500F8D640 /* Resources */ = {
			isa = PBXResourcesBuildPhase;
			buildActionMask = 2147483647;
			files = (
				37132A3B26DD4A8700F8D640 /* LaunchScreen.storyboard in Resources */,
				37132A3826DD4A8700F8D640 /* Assets.xcassets in Resources */,
				37132A3626DD4A8600F8D640 /* Main.storyboard in Resources */,
				379D2F3826DD796800F698E0 /* Configuration.storyboard in Resources */,
			);
			runOnlyForDeploymentPostprocessing = 0;
		};
/* End PBXResourcesBuildPhase section */

/* Begin PBXShellScriptBuildPhase section */
		1D5AD71AB6C7A1A97D9987EB /* [CP] Check Pods Manifest.lock */ = {
			isa = PBXShellScriptBuildPhase;
			buildActionMask = 2147483647;
			files = (
			);
			inputFileListPaths = (
			);
			inputPaths = (
				"${PODS_PODFILE_DIR_PATH}/Podfile.lock",
				"${PODS_ROOT}/Manifest.lock",
			);
			name = "[CP] Check Pods Manifest.lock";
			outputFileListPaths = (
			);
			outputPaths = (
				"$(DERIVED_FILE_DIR)/Pods-RandomActivityApp-checkManifestLockResult.txt",
			);
			runOnlyForDeploymentPostprocessing = 0;
			shellPath = /bin/sh;
			shellScript = "diff \"${PODS_PODFILE_DIR_PATH}/Podfile.lock\" \"${PODS_ROOT}/Manifest.lock\" > /dev/null\nif [ $? != 0 ] ; then\n    # print error to STDERR\n    echo \"error: The sandbox is not in sync with the Podfile.lock. Run 'pod install' or update your CocoaPods installation.\" >&2\n    exit 1\nfi\n# This output is used by Xcode 'outputs' to avoid re-running this script phase.\necho \"SUCCESS\" > \"${SCRIPT_OUTPUT_FILE_0}\"\n";
			showEnvVarsInLog = 0;
		};
		37F13820C70AA26847EE5C4F /* [CP] Embed Pods Frameworks */ = {
			isa = PBXShellScriptBuildPhase;
			buildActionMask = 2147483647;
			files = (
			);
			inputFileListPaths = (
				"${PODS_ROOT}/Target Support Files/Pods-RandomActivityApp/Pods-RandomActivityApp-frameworks-${CONFIGURATION}-input-files.xcfilelist",
			);
			name = "[CP] Embed Pods Frameworks";
			outputFileListPaths = (
				"${PODS_ROOT}/Target Support Files/Pods-RandomActivityApp/Pods-RandomActivityApp-frameworks-${CONFIGURATION}-output-files.xcfilelist",
			);
			runOnlyForDeploymentPostprocessing = 0;
			shellPath = /bin/sh;
			shellScript = "\"${PODS_ROOT}/Target Support Files/Pods-RandomActivityApp/Pods-RandomActivityApp-frameworks.sh\"\n";
			showEnvVarsInLog = 0;
		};
/* End PBXShellScriptBuildPhase section */

/* Begin PBXSourcesBuildPhase section */
		37132A2726DD4A8500F8D640 /* Sources */ = {
			isa = PBXSourcesBuildPhase;
			buildActionMask = 2147483647;
			files = (
				3744131A26DFF73C00469E13 /* ActivityRequest.swift in Sources */,
				37132A3326DD4A8600F8D640 /* ViewController.swift in Sources */,
				7B78E8C326E009D7003CDDA2 /* TypeFilter.swift in Sources */,
				379D2F3A26DD7B3800F698E0 /* ConfigurationViewController.swift in Sources */,
				37132A2F26DD4A8600F8D640 /* AppDelegate.swift in Sources */,
				3744131726DFEEBE00469E13 /* Activity.swift in Sources */,
				7B6C628726DEC187008858FF /* UserData.swift in Sources */,
				37132A3126DD4A8600F8D640 /* SceneDelegate.swift in Sources */,
			);
			runOnlyForDeploymentPostprocessing = 0;
		};
/* End PBXSourcesBuildPhase section */

/* Begin PBXVariantGroup section */
		37132A3426DD4A8600F8D640 /* Main.storyboard */ = {
			isa = PBXVariantGroup;
			children = (
				37132A3526DD4A8600F8D640 /* Base */,
			);
			name = Main.storyboard;
			sourceTree = "<group>";
		};
		37132A3926DD4A8700F8D640 /* LaunchScreen.storyboard */ = {
			isa = PBXVariantGroup;
			children = (
				37132A3A26DD4A8700F8D640 /* Base */,
			);
			name = LaunchScreen.storyboard;
			sourceTree = "<group>";
		};
/* End PBXVariantGroup section */

/* Begin XCBuildConfiguration section */
		37132A3D26DD4A8700F8D640 /* Debug */ = {
			isa = XCBuildConfiguration;
			buildSettings = {
				ALWAYS_SEARCH_USER_PATHS = NO;
				CLANG_ANALYZER_NONNULL = YES;
				CLANG_ANALYZER_NUMBER_OBJECT_CONVERSION = YES_AGGRESSIVE;
				CLANG_CXX_LANGUAGE_STANDARD = "gnu++14";
				CLANG_CXX_LIBRARY = "libc++";
				CLANG_ENABLE_MODULES = YES;
				CLANG_ENABLE_OBJC_ARC = YES;
				CLANG_ENABLE_OBJC_WEAK = YES;
				CLANG_WARN_BLOCK_CAPTURE_AUTORELEASING = YES;
				CLANG_WARN_BOOL_CONVERSION = YES;
				CLANG_WARN_COMMA = YES;
				CLANG_WARN_CONSTANT_CONVERSION = YES;
				CLANG_WARN_DEPRECATED_OBJC_IMPLEMENTATIONS = YES;
				CLANG_WARN_DIRECT_OBJC_ISA_USAGE = YES_ERROR;
				CLANG_WARN_DOCUMENTATION_COMMENTS = YES;
				CLANG_WARN_EMPTY_BODY = YES;
				CLANG_WARN_ENUM_CONVERSION = YES;
				CLANG_WARN_INFINITE_RECURSION = YES;
				CLANG_WARN_INT_CONVERSION = YES;
				CLANG_WARN_NON_LITERAL_NULL_CONVERSION = YES;
				CLANG_WARN_OBJC_IMPLICIT_RETAIN_SELF = YES;
				CLANG_WARN_OBJC_LITERAL_CONVERSION = YES;
				CLANG_WARN_OBJC_ROOT_CLASS = YES_ERROR;
				CLANG_WARN_QUOTED_INCLUDE_IN_FRAMEWORK_HEADER = YES;
				CLANG_WARN_RANGE_LOOP_ANALYSIS = YES;
				CLANG_WARN_STRICT_PROTOTYPES = YES;
				CLANG_WARN_SUSPICIOUS_MOVE = YES;
				CLANG_WARN_UNGUARDED_AVAILABILITY = YES_AGGRESSIVE;
				CLANG_WARN_UNREACHABLE_CODE = YES;
				CLANG_WARN__DUPLICATE_METHOD_MATCH = YES;
				COPY_PHASE_STRIP = NO;
				DEBUG_INFORMATION_FORMAT = dwarf;
				ENABLE_STRICT_OBJC_MSGSEND = YES;
				ENABLE_TESTABILITY = YES;
				GCC_C_LANGUAGE_STANDARD = gnu11;
				GCC_DYNAMIC_NO_PIC = NO;
				GCC_NO_COMMON_BLOCKS = YES;
				GCC_OPTIMIZATION_LEVEL = 0;
				GCC_PREPROCESSOR_DEFINITIONS = (
					"DEBUG=1",
					"$(inherited)",
				);
				GCC_WARN_64_TO_32_BIT_CONVERSION = YES;
				GCC_WARN_ABOUT_RETURN_TYPE = YES_ERROR;
				GCC_WARN_UNDECLARED_SELECTOR = YES;
				GCC_WARN_UNINITIALIZED_AUTOS = YES_AGGRESSIVE;
				GCC_WARN_UNUSED_FUNCTION = YES;
				GCC_WARN_UNUSED_VARIABLE = YES;
				IPHONEOS_DEPLOYMENT_TARGET = 14.5;
				MTL_ENABLE_DEBUG_INFO = INCLUDE_SOURCE;
				MTL_FAST_MATH = YES;
				ONLY_ACTIVE_ARCH = YES;
				SDKROOT = iphoneos;
				SWIFT_ACTIVE_COMPILATION_CONDITIONS = DEBUG;
				SWIFT_OPTIMIZATION_LEVEL = "-Onone";
			};
			name = Debug;
		};
		37132A3E26DD4A8700F8D640 /* Release */ = {
			isa = XCBuildConfiguration;
			buildSettings = {
				ALWAYS_SEARCH_USER_PATHS = NO;
				CLANG_ANALYZER_NONNULL = YES;
				CLANG_ANALYZER_NUMBER_OBJECT_CONVERSION = YES_AGGRESSIVE;
				CLANG_CXX_LANGUAGE_STANDARD = "gnu++14";
				CLANG_CXX_LIBRARY = "libc++";
				CLANG_ENABLE_MODULES = YES;
				CLANG_ENABLE_OBJC_ARC = YES;
				CLANG_ENABLE_OBJC_WEAK = YES;
				CLANG_WARN_BLOCK_CAPTURE_AUTORELEASING = YES;
				CLANG_WARN_BOOL_CONVERSION = YES;
				CLANG_WARN_COMMA = YES;
				CLANG_WARN_CONSTANT_CONVERSION = YES;
				CLANG_WARN_DEPRECATED_OBJC_IMPLEMENTATIONS = YES;
				CLANG_WARN_DIRECT_OBJC_ISA_USAGE = YES_ERROR;
				CLANG_WARN_DOCUMENTATION_COMMENTS = YES;
				CLANG_WARN_EMPTY_BODY = YES;
				CLANG_WARN_ENUM_CONVERSION = YES;
				CLANG_WARN_INFINITE_RECURSION = YES;
				CLANG_WARN_INT_CONVERSION = YES;
				CLANG_WARN_NON_LITERAL_NULL_CONVERSION = YES;
				CLANG_WARN_OBJC_IMPLICIT_RETAIN_SELF = YES;
				CLANG_WARN_OBJC_LITERAL_CONVERSION = YES;
				CLANG_WARN_OBJC_ROOT_CLASS = YES_ERROR;
				CLANG_WARN_QUOTED_INCLUDE_IN_FRAMEWORK_HEADER = YES;
				CLANG_WARN_RANGE_LOOP_ANALYSIS = YES;
				CLANG_WARN_STRICT_PROTOTYPES = YES;
				CLANG_WARN_SUSPICIOUS_MOVE = YES;
				CLANG_WARN_UNGUARDED_AVAILABILITY = YES_AGGRESSIVE;
				CLANG_WARN_UNREACHABLE_CODE = YES;
				CLANG_WARN__DUPLICATE_METHOD_MATCH = YES;
				COPY_PHASE_STRIP = NO;
				DEBUG_INFORMATION_FORMAT = "dwarf-with-dsym";
				ENABLE_NS_ASSERTIONS = NO;
				ENABLE_STRICT_OBJC_MSGSEND = YES;
				GCC_C_LANGUAGE_STANDARD = gnu11;
				GCC_NO_COMMON_BLOCKS = YES;
				GCC_WARN_64_TO_32_BIT_CONVERSION = YES;
				GCC_WARN_ABOUT_RETURN_TYPE = YES_ERROR;
				GCC_WARN_UNDECLARED_SELECTOR = YES;
				GCC_WARN_UNINITIALIZED_AUTOS = YES_AGGRESSIVE;
				GCC_WARN_UNUSED_FUNCTION = YES;
				GCC_WARN_UNUSED_VARIABLE = YES;
				IPHONEOS_DEPLOYMENT_TARGET = 14.5;
				MTL_ENABLE_DEBUG_INFO = NO;
				MTL_FAST_MATH = YES;
				SDKROOT = iphoneos;
				SWIFT_COMPILATION_MODE = wholemodule;
				SWIFT_OPTIMIZATION_LEVEL = "-O";
				VALIDATE_PRODUCT = YES;
			};
			name = Release;
		};
		37132A4026DD4A8700F8D640 /* Debug */ = {
			isa = XCBuildConfiguration;
			baseConfigurationReference = F4E2E10CDFEDCCB70F4BCE59 /* Pods-RandomActivityApp.debug.xcconfig */;
			buildSettings = {
				ASSETCATALOG_COMPILER_APPICON_NAME = AppIcon;
				ASSETCATALOG_COMPILER_GLOBAL_ACCENT_COLOR_NAME = AccentColor;
				CODE_SIGN_STYLE = Automatic;
				DEVELOPMENT_TEAM = 9VJNM48GB5;
				INFOPLIST_FILE = RandomActivityApp/Info.plist;
				IPHONEOS_DEPLOYMENT_TARGET = 13.0;
				LD_RUNPATH_SEARCH_PATHS = (
					"$(inherited)",
					"@executable_path/Frameworks",
				);
				PRODUCT_BUNDLE_IDENTIFIER = com.pedroesli.RandomActivityApp;
				PRODUCT_NAME = "$(TARGET_NAME)";
				SWIFT_VERSION = 5.0;
				TARGETED_DEVICE_FAMILY = "1,2";
			};
			name = Debug;
		};
		37132A4126DD4A8700F8D640 /* Release */ = {
			isa = XCBuildConfiguration;
			baseConfigurationReference = 0BFE43A41239033F597DA6D7 /* Pods-RandomActivityApp.release.xcconfig */;
			buildSettings = {
				ASSETCATALOG_COMPILER_APPICON_NAME = AppIcon;
				ASSETCATALOG_COMPILER_GLOBAL_ACCENT_COLOR_NAME = AccentColor;
				CODE_SIGN_STYLE = Automatic;
				DEVELOPMENT_TEAM = 9VJNM48GB5;
				INFOPLIST_FILE = RandomActivityApp/Info.plist;
				IPHONEOS_DEPLOYMENT_TARGET = 13.0;
				LD_RUNPATH_SEARCH_PATHS = (
					"$(inherited)",
					"@executable_path/Frameworks",
				);
				PRODUCT_BUNDLE_IDENTIFIER = com.pedroesli.RandomActivityApp;
				PRODUCT_NAME = "$(TARGET_NAME)";
				SWIFT_VERSION = 5.0;
				TARGETED_DEVICE_FAMILY = "1,2";
			};
			name = Release;
		};
/* End XCBuildConfiguration section */

/* Begin XCConfigurationList section */
		37132A2626DD4A8500F8D640 /* Build configuration list for PBXProject "RandomActivityApp" */ = {
			isa = XCConfigurationList;
			buildConfigurations = (
				37132A3D26DD4A8700F8D640 /* Debug */,
				37132A3E26DD4A8700F8D640 /* Release */,
			);
			defaultConfigurationIsVisible = 0;
			defaultConfigurationName = Release;
		};
		37132A3F26DD4A8700F8D640 /* Build configuration list for PBXNativeTarget "RandomActivityApp" */ = {
			isa = XCConfigurationList;
			buildConfigurations = (
				37132A4026DD4A8700F8D640 /* Debug */,
				37132A4126DD4A8700F8D640 /* Release */,
			);
			defaultConfigurationIsVisible = 0;
			defaultConfigurationName = Release;
		};
/* End XCConfigurationList section */
	};
	rootObject = 37132A2326DD4A8500F8D640 /* Project object */;
}
